
Microsoft Visual Studio Solution File, Format Version 12.00
# Visual Studio Version 16
VisualStudioVersion = 16.0.31729.503
MinimumVisualStudioVersion = 10.0.40219.1
Project("{FAE04EC0-301F-11D3-BF4B-00C04F79EFBC}") = "ADONETTest1", "ADONETTest1\ADONETTest1.csproj", "{C37B3257-46C2-4323-908E-8F5CF9027A4D}"
EndProject
Global
	GlobalSection(SolutionConfigurationPlatforms) = preSolution
		Debug|Any CPU = Debug|Any CPU
		Release|Any CPU = Release|Any CPU
	EndGlobalSection
	GlobalSection(ProjectConfigurationPlatforms) = postSolution
		{C37B3257-46C2-4323-908E-8F5CF9027A4D}.Debug|Any CPU.ActiveCfg = Debug|Any CPU
		{C37B3257-46C2-4323-908E-8F5CF9027A4D}.Debug|Any CPU.Build.0 = Debug|Any CPU
		{C37B3257-46C2-4323-908E-8F5CF9027A4D}.Release|Any CPU.ActiveCfg = Release|Any CPU
		{C37B3257-46C2-4323-908E-8F5CF9027A4D}.Release|Any CPU.Build.0 = Release|Any CPU
	EndGlobalSection
	GlobalSection(SolutionProperties) = preSolution
		HideSolutionNode = FALSE
	EndGlobalSection
	GlobalSection(ExtensibilityGlobals) = postSolution
		SolutionGuid = {CE255B1E-4CD7-4D1E-8A7F-EE4DC83B4E30}
	EndGlobalSection
EndGlobal
